Microsoft Visual Studio Solution File, Format Version 12.00
# Visual Studio 14
VisualStudioVersion = 14.0.25420.1
MinimumVisualStudioVersion = 10.0.40219.1
Project("{FAE04EC0-301F-11D3-BF4B-00C04F79EFBC}") = "Painter", "Painter\Painter.csproj", "{F1878F71-C855-4683-91F8-CD9EF98E67FE}"
EndProject
Project("{FAE04EC0-301F-11D3-BF4B-00C04F79EFBC}") = "Painter.iOS", "Painter.iOS\Painter.iOS.csproj", "{4ED89649-B990-43DC-A789-0B1E5380FCF9}"
EndProject
Project("{FAE04EC0-301F-11D3-BF4B-00C04F79EFBC}") = "Painter.Android", "Painter.Android\Painter.Android.csproj", "{46FDEF94-AC8C-4B45-84EE-E648024E63E5}"
EndProject
Project("{2150E333-8FDC-42A3-9474-1A3956D46DE8}") = "Testbeds", "Testbeds", "{4228CDE0-0894-4A4B-B910-70EBFC65D246}"
EndProject
Project("{2150E333-8FDC-42A3-9474-1A3956D46DE8}") = "Forms", "Forms", "{15EAA7C2-F8CC-496B-A2C5-7C6552459425}"
EndProject
Project("{2150E333-8FDC-42A3-9474-1A3956D46DE8}") = "Painter", "Painter", "{3AF46F6F-0493-496D-8B42-F7C11572D80F}"
EndProject
Project("{FAE04EC0-301F-11D3-BF4B-00C04F79EFBC}") = "Painter.Forms.Droid", "Painter.Forms.Droid\Painter.Forms.Droid.csproj", "{FA04E4AD-5803-468A-8E4A-92F300C7FC2B}"
EndProject
Project("{FAE04EC0-301F-11D3-BF4B-00C04F79EFBC}") = "Painter.Forms.iOS", "Painter.Forms.iOS\Painter.Forms.iOS.csproj", "{5682E334-083E-4F2F-81D2-8ACE98A78DF3}"
EndProject
Project("{FAE04EC0-301F-11D3-BF4B-00C04F79EFBC}") = "Painter.Forms", "Painter.Forms\Painter.Forms.csproj", "{4D495BF7-F5B1-4957-B514-BD2C9E37C195}"
EndProject
Project("{D954291E-2A0B-460D-934E-DC6B0785DB48}") = "Painter.Forms.Shared", "Painter.Forms.Shared\Painter.Forms.Shared.shproj", "{637FE1CF-BA3A-4DB4-835B-D2DA5439750D}"
EndProject
Project("{FAE04EC0-301F-11D3-BF4B-00C04F79EFBC}") = "PainterTestbed.iOS", "Testbed\PainterTestbed.iOS\PainterTestbed.iOS.csproj", "{98EDF49D-4F6D-44D1-9D36-A4CB6205B20D}"
EndProject
Project("{FAE04EC0-301F-11D3-BF4B-00C04F79EFBC}") = "PainterTestbed.Forms", "Testbed\Forms\PainterTestbed.Forms\PainterTestbed.Forms.csproj", "{BBAC0C3F-512B-45C8-9DA6-FBAE2D5BB19B}"
EndProject
Project("{FAE04EC0-301F-11D3-BF4B-00C04F79EFBC}") = "PainterTestbed.Forms.Droid", "Testbed\Forms\Droid\PainterTestbed.Forms.Droid.csproj", "{6655E3EE-F478-46EC-BFA3-1D9CD7AE5AF9}"
EndProject
Project("{FAE04EC0-301F-11D3-BF4B-00C04F79EFBC}") = "PainterTestbed.Forms.iOS", "Testbed\Forms\iOS\PainterTestbed.Forms.iOS.csproj", "{4C6B2CC2-F4C7-4FF4-B4F6-BA29FDA3CBAD}"
EndProject
Project("{FAE04EC0-301F-11D3-BF4B-00C04F79EFBC}") = "PainterTestbed.Droid", "Testbed\PainterTestbed.Droid\PainterTestbed.Droid.csproj", "{38B96E16-1F83-46F0-B9B5-C0B76C5E5B9B}"
EndProject
Global
	GlobalSection(SharedMSBuildProjectFiles) = preSolution
		Painter.Forms.Shared\Painter.Forms.Shared.projitems*{5682e334-083e-4f2f-81d2-8ace98a78df3}*SharedItemsImports = 4
		Painter.Forms.Shared\Painter.Forms.Shared.projitems*{637fe1cf-ba3a-4db4-835b-d2da5439750d}*SharedItemsImports = 13
	EndGlobalSection
	GlobalSection(SolutionConfigurationPlatforms) = preSolution
		Debug|Any CPU = Debug|Any CPU
		Debug|iPhone = Debug|iPhone
		Debug|iPhoneSimulator = Debug|iPhoneSimulator
		Release|Any CPU = Release|Any CPU
		Release|iPhone = Release|iPhone
		Release|iPhoneSimulator = Release|iPhoneSimulator
	EndGlobalSection
	GlobalSection(ProjectConfigurationPlatforms) = postSolution
		{F1878F71-C855-4683-91F8-CD9EF98E67FE}.Debug|Any CPU.ActiveCfg = Debug|Any CPU
		{F1878F71-C855-4683-91F8-CD9EF98E67FE}.Debug|Any CPU.Build.0 = Debug|Any CPU
		{F1878F71-C855-4683-91F8-CD9EF98E67FE}.Debug|iPhone.ActiveCfg = Debug|Any CPU
		{F1878F71-C855-4683-91F8-CD9EF98E67FE}.Debug|iPhone.Build.0 = Debug|Any CPU
		{F1878F71-C855-4683-91F8-CD9EF98E67FE}.Debug|iPhoneSimulator.ActiveCfg = Debug|Any CPU
		{F1878F71-C855-4683-91F8-CD9EF98E67FE}.Debug|iPhoneSimulator.Build.0 = Debug|Any CPU
		{F1878F71-C855-4683-91F8-CD9EF98E67FE}.Release|Any CPU.ActiveCfg = Release|Any CPU
		{F1878F71-C855-4683-91F8-CD9EF98E67FE}.Release|Any CPU.Build.0 = Release|Any CPU
		{F1878F71-C855-4683-91F8-CD9EF98E67FE}.Release|iPhone.ActiveCfg = Release|Any CPU
		{F1878F71-C855-4683-91F8-CD9EF98E67FE}.Release|iPhone.Build.0 = Release|Any CPU
		{F1878F71-C855-4683-91F8-CD9EF98E67FE}.Release|iPhoneSimulator.ActiveCfg = Release|Any CPU
		{F1878F71-C855-4683-91F8-CD9EF98E67FE}.Release|iPhoneSimulator.Build.0 = Release|Any CPU
		{4ED89649-B990-43DC-A789-0B1E5380FCF9}.Debug|Any CPU.ActiveCfg = Debug|Any CPU
		{4ED89649-B990-43DC-A789-0B1E5380FCF9}.Debug|Any CPU.Build.0 = Debug|Any CPU
		{4ED89649-B990-43DC-A789-0B1E5380FCF9}.Debug|iPhone.ActiveCfg = Debug|Any CPU
		{4ED89649-B990-43DC-A789-0B1E5380FCF9}.Debug|iPhone.Build.0 = Debug|Any CPU
		{4ED89649-B990-43DC-A789-0B1E5380FCF9}.Debug|iPhoneSimulator.ActiveCfg = Debug|Any CPU
		{4ED89649-B990-43DC-A789-0B1E5380FCF9}.Debug|iPhoneSimulator.Build.0 = Debug|Any CPU
		{4ED89649-B990-43DC-A789-0B1E5380FCF9}.Release|Any CPU.ActiveCfg = Release|Any CPU
		{4ED89649-B990-43DC-A789-0B1E5380FCF9}.Release|Any CPU.Build.0 = Release|Any CPU
		{4ED89649-B990-43DC-A789-0B1E5380FCF9}.Release|iPhone.ActiveCfg = Release|Any CPU
		{4ED89649-B990-43DC-A789-0B1E5380FCF9}.Release|iPhone.Build.0 = Release|Any CPU
		{4ED89649-B990-43DC-A789-0B1E5380FCF9}.Release|iPhoneSimulator.ActiveCfg = Release|Any CPU
		{4ED89649-B990-43DC-A789-0B1E5380FCF9}.Release|iPhoneSimulator.Build.0 = Release|Any CPU
		{46FDEF94-AC8C-4B45-84EE-E648024E63E5}.Debug|Any CPU.ActiveCfg = Debug|Any CPU
		{46FDEF94-AC8C-4B45-84EE-E648024E63E5}.Debug|Any CPU.Build.0 = Debug|Any CPU
		{46FDEF94-AC8C-4B45-84EE-E648024E63E5}.Debug|iPhone.ActiveCfg = Debug|Any CPU
		{46FDEF94-AC8C-4B45-84EE-E648024E63E5}.Debug|iPhone.Build.0 = Debug|Any CPU
		{46FDEF94-AC8C-4B45-84EE-E648024E63E5}.Debug|iPhoneSimulator.ActiveCfg = Debug|Any CPU
		{46FDEF94-AC8C-4B45-84EE-E648024E63E5}.Debug|iPhoneSimulator.Build.0 = Debug|Any CPU
		{46FDEF94-AC8C-4B45-84EE-E648024E63E5}.Release|Any CPU.ActiveCfg = Release|Any CPU
		{46FDEF94-AC8C-4B45-84EE-E648024E63E5}.Release|Any CPU.Build.0 = Release|Any CPU
		{46FDEF94-AC8C-4B45-84EE-E648024E63E5}.Release|iPhone.ActiveCfg = Release|Any CPU
		{46FDEF94-AC8C-4B45-84EE-E648024E63E5}.Release|iPhone.Build.0 = Release|Any CPU
		{46FDEF94-AC8C-4B45-84EE-E648024E63E5}.Release|iPhoneSimulator.ActiveCfg = Release|Any CPU
		{46FDEF94-AC8C-4B45-84EE-E648024E63E5}.Release|iPhoneSimulator.Build.0 = Release|Any CPU
		{FA04E4AD-5803-468A-8E4A-92F300C7FC2B}.Debug|Any CPU.ActiveCfg = Debug|Any CPU
		{FA04E4AD-5803-468A-8E4A-92F300C7FC2B}.Debug|Any CPU.Build.0 = Debug|Any CPU
		{FA04E4AD-5803-468A-8E4A-92F300C7FC2B}.Debug|iPhone.ActiveCfg = Debug|Any CPU
		{FA04E4AD-5803-468A-8E4A-92F300C7FC2B}.Debug|iPhone.Build.0 = Debug|Any CPU
		{FA04E4AD-5803-468A-8E4A-92F300C7FC2B}.Debug|iPhoneSimulator.ActiveCfg = Debug|Any CPU
		{FA04E4AD-5803-468A-8E4A-92F300C7FC2B}.Debug|iPhoneSimulator.Build.0 = Debug|Any CPU
		{FA04E4AD-5803-468A-8E4A-92F300C7FC2B}.Release|Any CPU.ActiveCfg = Release|Any CPU
		{FA04E4AD-5803-468A-8E4A-92F300C7FC2B}.Release|Any CPU.Build.0 = Release|Any CPU
		{FA04E4AD-5803-468A-8E4A-92F300C7FC2B}.Release|iPhone.ActiveCfg = Release|Any CPU
		{FA04E4AD-5803-468A-8E4A-92F300C7FC2B}.Release|iPhone.Build.0 = Release|Any CPU
		{FA04E4AD-5803-468A-8E4A-92F300C7FC2B}.Release|iPhoneSimulator.ActiveCfg = Release|Any CPU
		{FA04E4AD-5803-468A-8E4A-92F300C7FC2B}.Release|iPhoneSimulator.Build.0 = Release|Any CPU
		{5682E334-083E-4F2F-81D2-8ACE98A78DF3}.Debug|Any CPU.ActiveCfg = Debug|Any CPU
		{5682E334-083E-4F2F-81D2-8ACE98A78DF3}.Debug|Any CPU.Build.0 = Debug|Any CPU
		{5682E334-083E-4F2F-81D2-8ACE98A78DF3}.Debug|iPhone.ActiveCfg = Debug|Any CPU
		{5682E334-083E-4F2F-81D2-8ACE98A78DF3}.Debug|iPhone.Build.0 = Debug|Any CPU
		{5682E334-083E-4F2F-81D2-8ACE98A78DF3}.Debug|iPhoneSimulator.ActiveCfg = Debug|Any CPU
		{5682E334-083E-4F2F-81D2-8ACE98A78DF3}.Debug|iPhoneSimulator.Build.0 = Debug|Any CPU
		{5682E334-083E-4F2F-81D2-8ACE98A78DF3}.Release|Any CPU.ActiveCfg = Release|Any CPU
		{5682E334-083E-4F2F-81D2-8ACE98A78DF3}.Release|Any CPU.Build.0 = Release|Any CPU
		{5682E334-083E-4F2F-81D2-8ACE98A78DF3}.Release|iPhone.ActiveCfg = Release|Any CPU
		{5682E334-083E-4F2F-81D2-8ACE98A78DF3}.Release|iPhone.Build.0 = Release|Any CPU
		{5682E334-083E-4F2F-81D2-8ACE98A78DF3}.Release|iPhoneSimulator.ActiveCfg = Release|Any CPU
		{5682E334-083E-4F2F-81D2-8ACE98A78DF3}.Release|iPhoneSimulator.Build.0 = Release|Any CPU
		{4D495BF7-F5B1-4957-B514-BD2C9E37C195}.Debug|Any CPU.ActiveCfg = Debug|Any CPU
		{4D495BF7-F5B1-4957-B514-BD2C9E37C195}.Debug|Any CPU.Build.0 = Debug|Any CPU
		{4D495BF7-F5B1-4957-B514-BD2C9E37C195}.Debug|iPhone.ActiveCfg = Debug|Any CPU
		{4D495BF7-F5B1-4957-B514-BD2C9E37C195}.Debug|iPhone.Build.0 = Debug|Any CPU
		{4D495BF7-F5B1-4957-B514-BD2C9E37C195}.Debug|iPhoneSimulator.ActiveCfg = Debug|Any CPU
		{4D495BF7-F5B1-4957-B514-BD2C9E37C195}.Debug|iPhoneSimulator.Build.0 = Debug|Any CPU
		{4D495BF7-F5B1-4957-B514-BD2C9E37C195}.Release|Any CPU.ActiveCfg = Release|Any CPU
		{4D495BF7-F5B1-4957-B514-BD2C9E37C195}.Release|Any CPU.Build.0 = Release|Any CPU
		{4D495BF7-F5B1-4957-B514-BD2C9E37C195}.Release|iPhone.ActiveCfg = Release|Any CPU
		{4D495BF7-F5B1-4957-B514-BD2C9E37C195}.Release|iPhone.Build.0 = Release|Any CPU
		{4D495BF7-F5B1-4957-B514-BD2C9E37C195}.Release|iPhoneSimulator.ActiveCfg = Release|Any CPU
		{4D495BF7-F5B1-4957-B514-BD2C9E37C195}.Release|iPhoneSimulator.Build.0 = Release|Any CPU
		{98EDF49D-4F6D-44D1-9D36-A4CB6205B20D}.Debug|Any CPU.ActiveCfg = Debug|iPhoneSimulator
		{98EDF49D-4F6D-44D1-9D36-A4CB6205B20D}.Debug|Any CPU.Build.0 = Debug|iPhoneSimulator
		{98EDF49D-4F6D-44D1-9D36-A4CB6205B20D}.Debug|iPhone.ActiveCfg = Debug|iPhone
		{98EDF49D-4F6D-44D1-9D36-A4CB6205B20D}.Debug|iPhone.Build.0 = Debug|iPhone
		{98EDF49D-4F6D-44D1-9D36-A4CB6205B20D}.Debug|iPhoneSimulator.ActiveCfg = Debug|iPhoneSimulator
		{98EDF49D-4F6D-44D1-9D36-A4CB6205B20D}.Debug|iPhoneSimulator.Build.0 = Debug|iPhoneSimulator
		{98EDF49D-4F6D-44D1-9D36-A4CB6205B20D}.Release|Any CPU.ActiveCfg = Release|iPhone
		{98EDF49D-4F6D-44D1-9D36-A4CB6205B20D}.Release|Any CPU.Build.0 = Release|iPhone
		{98EDF49D-4F6D-44D1-9D36-A4CB6205B20D}.Release|iPhone.ActiveCfg = Release|iPhone
		{98EDF49D-4F6D-44D1-9D36-A4CB6205B20D}.Release|iPhone.Build.0 = Release|iPhone
		{98EDF49D-4F6D-44D1-9D36-A4CB6205B20D}.Release|iPhoneSimulator.ActiveCfg = Release|iPhoneSimulator
		{98EDF49D-4F6D-44D1-9D36-A4CB6205B20D}.Release|iPhoneSimulator.Build.0 = Release|iPhoneSimulator
		{BBAC0C3F-512B-45C8-9DA6-FBAE2D5BB19B}.Debug|Any CPU.ActiveCfg = Debug|Any CPU
		{BBAC0C3F-512B-45C8-9DA6-FBAE2D5BB19B}.Debug|Any CPU.Build.0 = Debug|Any CPU
		{BBAC0C3F-512B-45C8-9DA6-FBAE2D5BB19B}.Debug|iPhone.ActiveCfg = Debug|Any CPU
		{BBAC0C3F-512B-45C8-9DA6-FBAE2D5BB19B}.Debug|iPhone.Build.0 = Debug|Any CPU
		{BBAC0C3F-512B-45C8-9DA6-FBAE2D5BB19B}.Debug|iPhoneSimulator.ActiveCfg = Debug|Any CPU
		{BBAC0C3F-512B-45C8-9DA6-FBAE2D5BB19B}.Debug|iPhoneSimulator.Build.0 = Debug|Any CPU
		{BBAC0C3F-512B-45C8-9DA6-FBAE2D5BB19B}.Release|Any CPU.ActiveCfg = Release|Any CPU
		{BBAC0C3F-512B-45C8-9DA6-FBAE2D5BB19B}.Release|Any CPU.Build.0 = Release|Any CPU
		{BBAC0C3F-512B-45C8-9DA6-FBAE2D5BB19B}.Release|iPhone.ActiveCfg = Release|Any CPU
		{BBAC0C3F-512B-45C8-9DA6-FBAE2D5BB19B}.Release|iPhone.Build.0 = Release|Any CPU
		{BBAC0C3F-512B-45C8-9DA6-FBAE2D5BB19B}.Release|iPhoneSimulator.ActiveCfg = Release|Any CPU
		{BBAC0C3F-512B-45C8-9DA6-FBAE2D5BB19B}.Release|iPhoneSimulator.Build.0 = Release|Any CPU
		{6655E3EE-F478-46EC-BFA3-1D9CD7AE5AF9}.Debug|Any CPU.ActiveCfg = Debug|Any CPU
		{6655E3EE-F478-46EC-BFA3-1D9CD7AE5AF9}.Debug|Any CPU.Build.0 = Debug|Any CPU
		{6655E3EE-F478-46EC-BFA3-1D9CD7AE5AF9}.Debug|Any CPU.Deploy.0 = Debug|Any CPU
		{6655E3EE-F478-46EC-BFA3-1D9CD7AE5AF9}.Debug|iPhone.ActiveCfg = Debug|Any CPU
		{6655E3EE-F478-46EC-BFA3-1D9CD7AE5AF9}.Debug|iPhone.Build.0 = Debug|Any CPU
		{6655E3EE-F478-46EC-BFA3-1D9CD7AE5AF9}.Debug|iPhoneSimulator.ActiveCfg = Debug|Any CPU
		{6655E3EE-F478-46EC-BFA3-1D9CD7AE5AF9}.Debug|iPhoneSimulator.Build.0 = Debug|Any CPU
		{6655E3EE-F478-46EC-BFA3-1D9CD7AE5AF9}.Release|Any CPU.ActiveCfg = Release|Any CPU
		{6655E3EE-F478-46EC-BFA3-1D9CD7AE5AF9}.Release|Any CPU.Build.0 = Release|Any CPU
		{6655E3EE-F478-46EC-BFA3-1D9CD7AE5AF9}.Release|iPhone.ActiveCfg = Release|Any CPU
		{6655E3EE-F478-46EC-BFA3-1D9CD7AE5AF9}.Release|iPhone.Build.0 = Release|Any CPU
		{6655E3EE-F478-46EC-BFA3-1D9CD7AE5AF9}.Release|iPhoneSimulator.ActiveCfg = Release|Any CPU
		{6655E3EE-F478-46EC-BFA3-1D9CD7AE5AF9}.Release|iPhoneSimulator.Build.0 = Release|Any CPU
		{4C6B2CC2-F4C7-4FF4-B4F6-BA29FDA3CBAD}.Debug|Any CPU.ActiveCfg = Debug|iPhoneSimulator
		{4C6B2CC2-F4C7-4FF4-B4F6-BA29FDA3CBAD}.Debug|Any CPU.Build.0 = Debug|iPhoneSimulator
		{4C6B2CC2-F4C7-4FF4-B4F6-BA29FDA3CBAD}.Debug|iPhone.ActiveCfg = Debug|iPhone
		{4C6B2CC2-F4C7-4FF4-B4F6-BA29FDA3CBAD}.Debug|iPhone.Build.0 = Debug|iPhone
		{4C6B2CC2-F4C7-4FF4-B4F6-BA29FDA3CBAD}.Debug|iPhoneSimulator.ActiveCfg = Debug|iPhoneSimulator
		{4C6B2CC2-F4C7-4FF4-B4F6-BA29FDA3CBAD}.Debug|iPhoneSimulator.Build.0 = Debug|iPhoneSimulator
		{4C6B2CC2-F4C7-4FF4-B4F6-BA29FDA3CBAD}.Release|Any CPU.ActiveCfg = Release|iPhone
		{4C6B2CC2-F4C7-4FF4-B4F6-BA29FDA3CBAD}.Release|Any CPU.Build.0 = Release|iPhone
		{4C6B2CC2-F4C7-4FF4-B4F6-BA29FDA3CBAD}.Release|iPhone.ActiveCfg = Release|iPhone
		{4C6B2CC2-F4C7-4FF4-B4F6-BA29FDA3CBAD}.Release|iPhone.Build.0 = Release|iPhone
		{4C6B2CC2-F4C7-4FF4-B4F6-BA29FDA3CBAD}.Release|iPhoneSimulator.ActiveCfg = Release|iPhoneSimulator
		{4C6B2CC2-F4C7-4FF4-B4F6-BA29FDA3CBAD}.Release|iPhoneSimulator.Build.0 = Release|iPhoneSimulator
		{38B96E16-1F83-46F0-B9B5-C0B76C5E5B9B}.Debug|Any CPU.ActiveCfg = Debug|Any CPU
		{38B96E16-1F83-46F0-B9B5-C0B76C5E5B9B}.Debug|Any CPU.Build.0 = Debug|Any CPU
		{38B96E16-1F83-46F0-B9B5-C0B76C5E5B9B}.Debug|Any CPU.Deploy.0 = Debug|Any CPU
		{38B96E16-1F83-46F0-B9B5-C0B76C5E5B9B}.Debug|iPhone.ActiveCfg = Debug|Any CPU
		{38B96E16-1F83-46F0-B9B5-C0B76C5E5B9B}.Debug|iPhone.Build.0 = Debug|Any CPU
		{38B96E16-1F83-46F0-B9B5-C0B76C5E5B9B}.Debug|iPhoneSimulator.ActiveCfg = Debug|Any CPU
		{38B96E16-1F83-46F0-B9B5-C0B76C5E5B9B}.Debug|iPhoneSimulator.Build.0 = Debug|Any CPU
		{38B96E16-1F83-46F0-B9B5-C0B76C5E5B9B}.Release|Any CPU.ActiveCfg = Release|Any CPU
		{38B96E16-1F83-46F0-B9B5-C0B76C5E5B9B}.Release|Any CPU.Build.0 = Release|Any CPU
		{38B96E16-1F83-46F0-B9B5-C0B76C5E5B9B}.Release|iPhone.ActiveCfg = Release|Any CPU
		{38B96E16-1F83-46F0-B9B5-C0B76C5E5B9B}.Release|iPhone.Build.0 = Release|Any CPU
		{38B96E16-1F83-46F0-B9B5-C0B76C5E5B9B}.Release|iPhoneSimulator.ActiveCfg = Release|Any CPU
		{38B96E16-1F83-46F0-B9B5-C0B76C5E5B9B}.Release|iPhoneSimulator.Build.0 = Release|Any CPU
	EndGlobalSection
	GlobalSection(SolutionProperties) = preSolution
		HideSolutionNode = FALSE
	EndGlobalSection
	GlobalSection(NestedProjects) = preSolution
		{F1878F71-C855-4683-91F8-CD9EF98E67FE} = {3AF46F6F-0493-496D-8B42-F7C11572D80F}
		{4ED89649-B990-43DC-A789-0B1E5380FCF9} = {3AF46F6F-0493-496D-8B42-F7C11572D80F}
		{46FDEF94-AC8C-4B45-84EE-E648024E63E5} = {3AF46F6F-0493-496D-8B42-F7C11572D80F}
		{FA04E4AD-5803-468A-8E4A-92F300C7FC2B} = {15EAA7C2-F8CC-496B-A2C5-7C6552459425}
		{5682E334-083E-4F2F-81D2-8ACE98A78DF3} = {15EAA7C2-F8CC-496B-A2C5-7C6552459425}
		{4D495BF7-F5B1-4957-B514-BD2C9E37C195} = {15EAA7C2-F8CC-496B-A2C5-7C6552459425}
		{637FE1CF-BA3A-4DB4-835B-D2DA5439750D} = {15EAA7C2-F8CC-496B-A2C5-7C6552459425}
		{98EDF49D-4F6D-44D1-9D36-A4CB6205B20D} = {4228CDE0-0894-4A4B-B910-70EBFC65D246}
		{BBAC0C3F-512B-45C8-9DA6-FBAE2D5BB19B} = {4228CDE0-0894-4A4B-B910-70EBFC65D246}
		{6655E3EE-F478-46EC-BFA3-1D9CD7AE5AF9} = {4228CDE0-0894-4A4B-B910-70EBFC65D246}
		{4C6B2CC2-F4C7-4FF4-B4F6-BA29FDA3CBAD} = {4228CDE0-0894-4A4B-B910-70EBFC65D246}
		{38B96E16-1F83-46F0-B9B5-C0B76C5E5B9B} = {4228CDE0-0894-4A4B-B910-70EBFC65D246}
	EndGlobalSection
EndGlobal
